
Microsoft Visual Studio Solution File, Format Version 12.00
# Visual Studio Version 17
VisualStudioVersion = 17.9.34723.18
MinimumVisualStudioVersion = 10.0.40219.1
Project("{FAE04EC0-301F-11D3-BF4B-00C04F79EFBC}") = "Project.API", "Project.API\Project.API.csproj", "{B7BA3E29-488A-43B5-AC40-CE28714DD7DB}"
EndProject
Project("{FAE04EC0-301F-11D3-BF4B-00C04F79EFBC}") = "Project.Auth", "Project.Auth\Project.Auth.csproj", "{F3791391-1E54-42E1-B33F-C575504F0B69}"
EndProject
Project("{FAE04EC0-301F-11D3-BF4B-00C04F79EFBC}") = "Project.Infrastructure", "Project.Infrastructure\Project.Infrastructure.csproj", "{D13EDAB3-EDF1-4757-A46E-6B82730C402D}"
EndProject
Project("{FAE04EC0-301F-11D3-BF4B-00C04F79EFBC}") = "Project.Domain", "Project.Domain\Project.Domain.csproj", "{AC4B455B-0E91-4BCE-92D2-B249B805B3AE}"
EndProject
Project("{FAE04EC0-301F-11D3-BF4B-00C04F79EFBC}") = "Project.Generic", "Project.Generic\Project.Generic.csproj", "{C8F792F1-373E-4B9A-B078-9CE2B3CD5595}"
EndProject
Global
	GlobalSection(SolutionConfigurationPlatforms) = preSolution
		Debug|Any CPU = Debug|Any CPU
		Release|Any CPU = Release|Any CPU
	EndGlobalSection
	GlobalSection(ProjectConfigurationPlatforms) = postSolution
		{B7BA3E29-488A-43B5-AC40-CE28714DD7DB}.Debug|Any CPU.ActiveCfg = Debug|Any CPU
		{B7BA3E29-488A-43B5-AC40-CE28714DD7DB}.Debug|Any CPU.Build.0 = Debug|Any CPU
		{B7BA3E29-488A-43B5-AC40-CE28714DD7DB}.Release|Any CPU.ActiveCfg = Release|Any CPU
		{B7BA3E29-488A-43B5-AC40-CE28714DD7DB}.Release|Any CPU.Build.0 = Release|Any CPU
		{F3791391-1E54-42E1-B33F-C575504F0B69}.Debug|Any CPU.ActiveCfg = Debug|Any CPU
		{F3791391-1E54-42E1-B33F-C575504F0B69}.Debug|Any CPU.Build.0 = Debug|Any CPU
		{F3791391-1E54-42E1-B33F-C575504F0B69}.Release|Any CPU.ActiveCfg = Release|Any CPU
		{F3791391-1E54-42E1-B33F-C575504F0B69}.Release|Any CPU.Build.0 = Release|Any CPU
		{D13EDAB3-EDF1-4757-A46E-6B82730C402D}.Debug|Any CPU.ActiveCfg = Debug|Any CPU
		{D13EDAB3-EDF1-4757-A46E-6B82730C402D}.Debug|Any CPU.Build.0 = Debug|Any CPU
		{D13EDAB3-EDF1-4757-A46E-6B82730C402D}.Release|Any CPU.ActiveCfg = Release|Any CPU
		{D13EDAB3-EDF1-4757-A46E-6B82730C402D}.Release|Any CPU.Build.0 = Release|Any CPU
		{AC4B455B-0E91-4BCE-92D2-B249B805B3AE}.Debug|Any CPU.ActiveCfg = Debug|Any CPU
		{AC4B455B-0E91-4BCE-92D2-B249B805B3AE}.Debug|Any CPU.Build.0 = Debug|Any CPU
		{AC4B455B-0E91-4BCE-92D2-B249B805B3AE}.Release|Any CPU.ActiveCfg = Release|Any CPU
		{AC4B455B-0E91-4BCE-92D2-B249B805B3AE}.Release|Any CPU.Build.0 = Release|Any CPU
		{C8F792F1-373E-4B9A-B078-9CE2B3CD5595}.Debug|Any CPU.ActiveCfg = Debug|Any CPU
		{C8F792F1-373E-4B9A-B078-9CE2B3CD5595}.Debug|Any CPU.Build.0 = Debug|Any CPU
		{C8F792F1-373E-4B9A-B078-9CE2B3CD5595}.Release|Any CPU.ActiveCfg = Release|Any CPU
		{C8F792F1-373E-4B9A-B078-9CE2B3CD5595}.Release|Any CPU.Build.0 = Release|Any CPU
	EndGlobalSection
	GlobalSection(SolutionProperties) = preSolution
		HideSolutionNode = FALSE
	EndGlobalSection
	GlobalSection(ExtensibilityGlobals) = postSolution
		SolutionGuid = {B00252E4-DC34-49B2-9DB9-0436C5C27ABA}
	EndGlobalSection
EndGlobal
